
Microsoft Visual Studio Solution File, Format Version 12.00
# Visual Studio Version 16
VisualStudioVersion = 16.0.30204.135
MinimumVisualStudioVersion = 10.0.40219.1
Project("{2150E333-8FDC-42A3-9474-1A3956D46DE8}") = "Microservices", "Microservices", "{A058779B-C950-4807-9BF5-E1FF93D7E477}"
EndProject
Project("{2150E333-8FDC-42A3-9474-1A3956D46DE8}") = "Domain", "Domain", "{941E9872-C8CD-4FF0-A031-2338A003DFDB}"
EndProject
Project("{2150E333-8FDC-42A3-9474-1A3956D46DE8}") = "Infra.Bus", "Infra.Bus", "{F7109633-CE94-4779-B14C-42E644E1F085}"
EndProject
Project("{2150E333-8FDC-42A3-9474-1A3956D46DE8}") = "Infra.IoC", "Infra.IoC", "{42D02FBC-193F-4C75-8409-2A84D59593AC}"
EndProject
Project("{2150E333-8FDC-42A3-9474-1A3956D46DE8}") = "Presentation", "Presentation", "{829847A8-128D-4A5A-B128-A3903194BC88}"
EndProject
Project("{9A19103F-16F7-4668-BE54-9A1E7A4F7556}") = "MicroRabbit.Domain.Core", "MicroRabbit.Domain.Core\MicroRabbit.Domain.Core.csproj", "{F5B31901-9480-401F-B4FA-8F5421A8D1BE}"
EndProject
Project("{9A19103F-16F7-4668-BE54-9A1E7A4F7556}") = "MicroRabbit.Infra.Bus", "MicroRabbit.Infra.Bus\MicroRabbit.Infra.Bus.csproj", "{76913765-3169-4C6D-89F6-148790412869}"
EndProject
Project("{FAE04EC0-301F-11D3-BF4B-00C04F79EFBC}") = "MicroRAbbit.Infra.IoC", "MicroRAbbit.Infra.Ioc\MicroRAbbit.Infra.IoC.csproj", "{FFCA143B-4FEB-4B9C-B172-FFFDAE928871}"
EndProject
Global
	GlobalSection(SolutionConfigurationPlatforms) = preSolution
		Debug|Any CPU = Debug|Any CPU
		Release|Any CPU = Release|Any CPU
	EndGlobalSection
	GlobalSection(ProjectConfigurationPlatforms) = postSolution
		{F5B31901-9480-401F-B4FA-8F5421A8D1BE}.Debug|Any CPU.ActiveCfg = Debug|Any CPU
		{F5B31901-9480-401F-B4FA-8F5421A8D1BE}.Debug|Any CPU.Build.0 = Debug|Any CPU
		{F5B31901-9480-401F-B4FA-8F5421A8D1BE}.Release|Any CPU.ActiveCfg = Release|Any CPU
		{F5B31901-9480-401F-B4FA-8F5421A8D1BE}.Release|Any CPU.Build.0 = Release|Any CPU
		{76913765-3169-4C6D-89F6-148790412869}.Debug|Any CPU.ActiveCfg = Debug|Any CPU
		{76913765-3169-4C6D-89F6-148790412869}.Debug|Any CPU.Build.0 = Debug|Any CPU
		{76913765-3169-4C6D-89F6-148790412869}.Release|Any CPU.ActiveCfg = Release|Any CPU
		{76913765-3169-4C6D-89F6-148790412869}.Release|Any CPU.Build.0 = Release|Any CPU
		{FFCA143B-4FEB-4B9C-B172-FFFDAE928871}.Debug|Any CPU.ActiveCfg = Debug|Any CPU
		{FFCA143B-4FEB-4B9C-B172-FFFDAE928871}.Debug|Any CPU.Build.0 = Debug|Any CPU
		{FFCA143B-4FEB-4B9C-B172-FFFDAE928871}.Release|Any CPU.ActiveCfg = Release|Any CPU
		{FFCA143B-4FEB-4B9C-B172-FFFDAE928871}.Release|Any CPU.Build.0 = Release|Any CPU
	EndGlobalSection
	GlobalSection(SolutionProperties) = preSolution
		HideSolutionNode = FALSE
	EndGlobalSection
	GlobalSection(NestedProjects) = preSolution
		{F5B31901-9480-401F-B4FA-8F5421A8D1BE} = {941E9872-C8CD-4FF0-A031-2338A003DFDB}
		{76913765-3169-4C6D-89F6-148790412869} = {F7109633-CE94-4779-B14C-42E644E1F085}
		{FFCA143B-4FEB-4B9C-B172-FFFDAE928871} = {42D02FBC-193F-4C75-8409-2A84D59593AC}
	EndGlobalSection
	GlobalSection(ExtensibilityGlobals) = postSolution
		SolutionGuid = {C4A113AA-0F2B-42D0-AB52-22BF317F8174}
	EndGlobalSection
EndGlobal
